
Microsoft Visual Studio Solution File, Format Version 12.00
# Visual Studio 15
VisualStudioVersion = 15.0.28307.902
MinimumVisualStudioVersion = 10.0.40219.1
Project("{FAE04EC0-301F-11D3-BF4B-00C04F79EFBC}") = "eShopSolution", "eShopSolution\eShopSolution.csproj", "{AA91EC84-9150-4DFB-B562-531D0EB70888}"
EndProject
Global
	GlobalSection(SolutionConfigurationPlatforms) = preSolution
		Debug|Any CPU = Debug|Any CPU
		Release|Any CPU = Release|Any CPU
	EndGlobalSection
	GlobalSection(ProjectConfigurationPlatforms) = postSolution
		{AA91EC84-9150-4DFB-B562-531D0EB70888}.Debug|Any CPU.ActiveCfg = Debug|Any CPU
		{AA91EC84-9150-4DFB-B562-531D0EB70888}.Debug|Any CPU.Build.0 = Debug|Any CPU
		{AA91EC84-9150-4DFB-B562-531D0EB70888}.Release|Any CPU.ActiveCfg = Release|Any CPU
		{AA91EC84-9150-4DFB-B562-531D0EB70888}.Release|Any CPU.Build.0 = Release|Any CPU
	EndGlobalSection
	GlobalSection(SolutionProperties) = preSolution
		HideSolutionNode = FALSE
	EndGlobalSection
	GlobalSection(ExtensibilityGlobals) = postSolution
		SolutionGuid = {1A93D0B5-12BF-4296-A494-FBF6F42BE563}
	EndGlobalSection
EndGlobal
